
Microsoft Visual Studio Solution File, Format Version 12.00
# Visual Studio 15
VisualStudioVersion = 15.0.28307.421
MinimumVisualStudioVersion = 10.0.40219.1
Project("{FAE04EC0-301F-11D3-BF4B-00C04F79EFBC}") = "Cust-Inventory", "Cust-Inventory\Cust-Inventory.csproj", "{1C0ACD07-E2F9-41DE-B29F-A6BD429992F7}"
EndProject
Global
	GlobalSection(SolutionConfigurationPlatforms) = preSolution
		Debug|Any CPU = Debug|Any CPU
		Release|Any CPU = Release|Any CPU
	EndGlobalSection
	GlobalSection(ProjectConfigurationPlatforms) = postSolution
		{1C0ACD07-E2F9-41DE-B29F-A6BD429992F7}.Debug|Any CPU.ActiveCfg = Debug|Any CPU
		{1C0ACD07-E2F9-41DE-B29F-A6BD429992F7}.Debug|Any CPU.Build.0 = Debug|Any CPU
		{1C0ACD07-E2F9-41DE-B29F-A6BD429992F7}.Release|Any CPU.ActiveCfg = Release|Any CPU
		{1C0ACD07-E2F9-41DE-B29F-A6BD429992F7}.Release|Any CPU.Build.0 = Release|Any CPU
	EndGlobalSection
	GlobalSection(SolutionProperties) = preSolution
		HideSolutionNode = FALSE
	EndGlobalSection
	GlobalSection(ExtensibilityGlobals) = postSolution
		SolutionGuid = {F789513F-15B8-404B-A084-E6AA2C56D117}
	EndGlobalSection
EndGlobal
